// !$*UTF8*$!
{
	archiveVersion = 1;
	classes = {
	};
	objectVersion = 54;
	objects = {

/* Begin PBXAggregateTarget section */
		24416B8111C4CA220047AFDD /* Build & Test */ = {
			isa = PBXAggregateTarget;
			buildConfigurationList = 24416B8A11C4CA520047AFDD /* Build configuration list for PBXAggregateTarget "Build & Test" */;
			buildPhases = (
				24416B8011C4CA220047AFDD /* ShellScript */,
			);
			dependencies = (
				24416B8511C4CA280047AFDD /* PBXTargetDependency */,
			);
			name = "Build & Test";
			productName = "Build & test";
		};
/* End PBXAggregateTarget section */

/* Begin PBXBuildFile section */
		2C6297CE2FC0924000FC61CE /* MMDrawerController+Subclass.h in Headers */ = {isa = PBXBuildFile; fileRef = 2C6297BD2FC0924000FC61CE /* MMDrawerController+Subclass.h */; };
		2C6297CF2FC0924000FC61CE /* MMDrawerBarButtonItem.h in Headers */ = {isa = PBXBuildFile; fileRef = 2C6297B92FC0924000FC61CE /* MMDrawerBarButtonItem.h */; };
		2C6297D02FC0924000FC61CE /* DkNappDrawerDrawerProxy.h in Headers */ = {isa = PBXBuildFile; fileRef = 2C62978A2FC0924000FC61CE /* DkNappDrawerDrawerProxy.h */; };
		2C6297D12FC0924000FC61CE /* CustomMMDrawerController.h in Headers */ = {isa = PBXBuildFile; fileRef = 2C6297862FC0924000FC61CE /* CustomMMDrawerController.h */; };
		2C6297D32FC0924000FC61CE /* NappDrawerVisualState.h in Headers */ = {isa = PBXBuildFile; fileRef = 2C6297CA2FC0924000FC61CE /* NappDrawerVisualState.h */; };
		2C6297D42FC0924000FC61CE /* MMDrawerVisualState.h in Headers */ = {isa = PBXBuildFile; fileRef = 2C6297BE2FC0924000FC61CE /* MMDrawerVisualState.h */; };
		2C6297D52FC0924000FC61CE /* DkNappDrawerModuleAssets.h in Headers */ = {isa = PBXBuildFile; fileRef = 2C62978E2FC0924000FC61CE /* DkNappDrawerModuleAssets.h */; };
		2C6297D92FC0924000FC61CE /* UIViewController+MMDrawerController.h in Headers */ = {isa = PBXBuildFile; fileRef = 2C6297C02FC0924000FC61CE /* UIViewController+MMDrawerController.h */; };
		2C6297DD2FC0924000FC61CE /* MMDrawerController.h in Headers */ = {isa = PBXBuildFile; fileRef = 2C6297BB2FC0924000FC61CE /* MMDrawerController.h */; };
		2C6297DE2FC0924000FC61CE /* DkNappDrawerModule.h in Headers */ = {isa = PBXBuildFile; fileRef = 2C62978C2FC0924000FC61CE /* DkNappDrawerModule.h */; };
		2C6297E62FC0924000FC61CE /* DkNappDrawerDrawer.h in Headers */ = {isa = PBXBuildFile; fileRef = 2C6297882FC0924000FC61CE /* DkNappDrawerDrawer.h */; };
		2C6297E72FC0924000FC61CE /* DkNappDrawerDrawerProxy.m in Sources */ = {isa = PBXBuildFile; fileRef = 2C62978B2FC0924000FC61CE /* DkNappDrawerDrawerProxy.m */; };
		2C6297EA2FC0924000FC61CE /* MMDrawerController.m in Sources */ = {isa = PBXBuildFile; fileRef = 2C6297BC2FC0924000FC61CE /* MMDrawerController.m */; };
		2C6297EB2FC0924000FC61CE /* DkNappDrawerDrawer.m in Sources */ = {isa = PBXBuildFile; fileRef = 2C6297892FC0924000FC61CE /* DkNappDrawerDrawer.m */; };
		2C6297ED2FC0924000FC61CE /* MMDrawerVisualState.m in Sources */ = {isa = PBXBuildFile; fileRef = 2C6297BF2FC0924000FC61CE /* MMDrawerVisualState.m */; };
		2C6297EE2FC0924000FC61CE /* DkNappDrawerModule.m in Sources */ = {isa = PBXBuildFile; fileRef = 2C62978D2FC0924000FC61CE /* DkNappDrawerModule.m */; };
		2C6297EF2FC0924000FC61CE /* NappDrawerVisualState.m in Sources */ = {isa = PBXBuildFile; fileRef = 2C6297CB2FC0924000FC61CE /* NappDrawerVisualState.m */; };
		2C6297F32FC0924000FC61CE /* MMDrawerBarButtonItem.m in Sources */ = {isa = PBXBuildFile; fileRef = 2C6297BA2FC0924000FC61CE /* MMDrawerBarButtonItem.m */; };
		2C6297F52FC0924000FC61CE /* DkNappDrawerModuleAssets.m in Sources */ = {isa = PBXBuildFile; fileRef = 2C62978F2FC0924000FC61CE /* DkNappDrawerModuleAssets.m */; };
		2C6297F72FC0924000FC61CE /* UIViewController+MMDrawerController.m in Sources */ = {isa = PBXBuildFile; fileRef = 2C6297C12FC0924000FC61CE /* UIViewController+MMDrawerController.m */; };
		2C6297F92FC0924000FC61CE /* CustomMMDrawerController.m in Sources */ = {isa = PBXBuildFile; fileRef = 2C6297872FC0924000FC61CE /* CustomMMDrawerController.m */; };
		AA747D9F0F9514B9006C5449 /* DkNappDrawer_Prefix.pch in Headers */ = {isa = PBXBuildFile; fileRef = AA747D9E0F9514B9006C5449 /* DkNappDrawer_Prefix.pch */; };
		AACBBE4A0F95108600F1A2B1 /* Foundation.framework in Frameworks */ = {isa = PBXBuildFile; fileRef = AACBBE490F95108600F1A2B1 /* Foundation.framework */; };
		B11E042C241AC5C100EFA7DC /* TitaniumKit.xcframework in Frameworks */ = {isa = PBXBuildFile; fileRef = B11E042B241AC5C100EFA7DC /* TitaniumKit.xcframework */; };
/* End PBXBuildFile section */

/* Begin PBXContainerItemProxy section */
		24416B8411C4CA280047AFDD /* PBXContainerItemProxy */ = {
			isa = PBXContainerItemProxy;
			containerPortal = 0867D690FE84028FC02AAC07 /* Project object */;
			proxyType = 1;
			remoteGlobalIDString = D2AAC07D0554694100DB518D;
			remoteInfo = NappDrawer;
		};
/* End PBXContainerItemProxy section */

/* Begin PBXFileReference section */
		24DD6D1B1134B66800162E58 /* titanium.xcconfig */ = {isa = PBXFileReference; fileEncoding = 4; lastKnownFileType = text.xcconfig; path = titanium.xcconfig; sourceTree = "<group>"; };
		2C6297862FC0924000FC61CE /* CustomMMDrawerController.h */ = {isa = PBXFileReference; lastKnownFileType = sourcecode.c.h; name = CustomMMDrawerController.h; path = Classes/CustomMMDrawerController.h; sourceTree = "<group>"; };
		2C6297872FC0924000FC61CE /* CustomMMDrawerController.m */ = {isa = PBXFileReference; lastKnownFileType = sourcecode.c.objc; name = CustomMMDrawerController.m; path = Classes/CustomMMDrawerController.m; sourceTree = "<group>"; };
		2C6297882FC0924000FC61CE /* DkNappDrawerDrawer.h */ = {isa = PBXFileReference; lastKnownFileType = sourcecode.c.h; name = DkNappDrawerDrawer.h; path = Classes/DkNappDrawerDrawer.h; sourceTree = "<group>"; };
		2C6297892FC0924000FC61CE /* DkNappDrawerDrawer.m */ = {isa = PBXFileReference; lastKnownFileType = sourcecode.c.objc; name = DkNappDrawerDrawer.m; path = Classes/DkNappDrawerDrawer.m; sourceTree = "<group>"; };
		2C62978A2FC0924000FC61CE /* DkNappDrawerDrawerProxy.h */ = {isa = PBXFileReference; lastKnownFileType = sourcecode.c.h; name = DkNappDrawerDrawerProxy.h; path = Classes/DkNappDrawerDrawerProxy.h; sourceTree = "<group>"; };
		2C62978B2FC0924000FC61CE /* DkNappDrawerDrawerProxy.m */ = {isa = PBXFileReference; lastKnownFileType = sourcecode.c.objc; name = DkNappDrawerDrawerProxy.m; path = Classes/DkNappDrawerDrawerProxy.m; sourceTree = "<group>"; };
		2C62978C2FC0924000FC61CE /* DkNappDrawerModule.h */ = {isa = PBXFileReference; lastKnownFileType = sourcecode.c.h; name = DkNappDrawerModule.h; path = Classes/DkNappDrawerModule.h; sourceTree = "<group>"; };
		2C62978D2FC0924000FC61CE /* DkNappDrawerModule.m */ = {isa = PBXFileReference; lastKnownFileType = sourcecode.c.objc; name = DkNappDrawerModule.m; path = Classes/DkNappDrawerModule.m; sourceTree = "<group>"; };
		2C62978E2FC0924000FC61CE /* DkNappDrawerModuleAssets.h */ = {isa = PBXFileReference; lastKnownFileType = sourcecode.c.h; name = DkNappDrawerModuleAssets.h; path = Classes/DkNappDrawerModuleAssets.h; sourceTree = "<group>"; };
		2C62978F2FC0924000FC61CE /* DkNappDrawerModuleAssets.m */ = {isa = PBXFileReference; lastKnownFileType = sourcecode.c.objc; name = DkNappDrawerModuleAssets.m; path = Classes/DkNappDrawerModuleAssets.m; sourceTree = "<group>"; };
		2C6297B92FC0924000FC61CE /* MMDrawerBarButtonItem.h */ = {isa = PBXFileReference; lastKnownFileType = sourcecode.c.h; path = MMDrawerBarButtonItem.h; sourceTree = "<group>"; };
		2C6297BA2FC0924000FC61CE /* MMDrawerBarButtonItem.m */ = {isa = PBXFileReference; lastKnownFileType = sourcecode.c.objc; path = MMDrawerBarButtonItem.m; sourceTree = "<group>"; };
		2C6297BB2FC0924000FC61CE /* MMDrawerController.h */ = {isa = PBXFileReference; lastKnownFileType = sourcecode.c.h; path = MMDrawerController.h; sourceTree = "<group>"; };
		2C6297BC2FC0924000FC61CE /* MMDrawerController.m */ = {isa = PBXFileReference; lastKnownFileType = sourcecode.c.objc; path = MMDrawerController.m; sourceTree = "<group>"; };
		2C6297BD2FC0924000FC61CE /* MMDrawerController+Subclass.h */ = {isa = PBXFileReference; lastKnownFileType = sourcecode.c.h; path = "MMDrawerController+Subclass.h"; sourceTree = "<group>"; };
		2C6297BE2FC0924000FC61CE /* MMDrawerVisualState.h */ = {isa = PBXFileReference; lastKnownFileType = sourcecode.c.h; path = MMDrawerVisualState.h; sourceTree = "<group>"; };
		2C6297BF2FC0924000FC61CE /* MMDrawerVisualState.m */ = {isa = PBXFileReference; lastKnownFileType = sourcecode.c.objc; path = MMDrawerVisualState.m; sourceTree = "<group>"; };
		2C6297C02FC0924000FC61CE /* UIViewController+MMDrawerController.h */ = {isa = PBXFileReference; lastKnownFileType = sourcecode.c.h; path = "UIViewController+MMDrawerController.h"; sourceTree = "<group>"; };
		2C6297C12FC0924000FC61CE /* UIViewController+MMDrawerController.m */ = {isa = PBXFileReference; lastKnownFileType = sourcecode.c.objc; path = "UIViewController+MMDrawerController.m"; sourceTree = "<group>"; };
		2C6297CA2FC0924000FC61CE /* NappDrawerVisualState.h */ = {isa = PBXFileReference; lastKnownFileType = sourcecode.c.h; name = NappDrawerVisualState.h; path = Classes/NappDrawerVisualState.h; sourceTree = "<group>"; };
		2C6297CB2FC0924000FC61CE /* NappDrawerVisualState.m */ = {isa = PBXFileReference; lastKnownFileType = sourcecode.c.objc; name = NappDrawerVisualState.m; path = Classes/NappDrawerVisualState.m; sourceTree = "<group>"; };
		AA747D9E0F9514B9006C5449 /* DkNappDrawer_Prefix.pch */ = {isa = PBXFileReference; fileEncoding = 4; lastKnownFileType = sourcecode.c.h; path = DkNappDrawer_Prefix.pch; sourceTree = SOURCE_ROOT; };
		AACBBE490F95108600F1A2B1 /* Foundation.framework */ = {isa = PBXFileReference; lastKnownFileType = wrapper.framework; name = Foundation.framework; path = System/Library/Frameworks/Foundation.framework; sourceTree = SDKROOT; };
		B11E042B241AC5C100EFA7DC /* TitaniumKit.xcframework */ = {isa = PBXFileReference; lastKnownFileType = wrapper.xcframework; name = TitaniumKit.xcframework; path = "$(TITANIUM_SDK)/iphone/Frameworks/TitaniumKit.xcframework"; sourceTree = "<group>"; };
		D2AAC07E0554694100DB518D /* libdk.napp.drawer.a */ = {isa = PBXFileReference; explicitFileType = archive.ar; includeInIndex = 0; path = libdk.napp.drawer.a; sourceTree = BUILT_PRODUCTS_DIR; };
/* End PBXFileReference section */

/* Begin PBXFrameworksBuildPhase section */
		D2AAC07C0554694100DB518D /* Frameworks */ = {
			isa = PBXFrameworksBuildPhase;
			buildActionMask = 2147483647;
			files = (
				AACBBE4A0F95108600F1A2B1 /* Foundation.framework in Frameworks */,
				B11E042C241AC5C100EFA7DC /* TitaniumKit.xcframework in Frameworks */,
			);
			runOnlyForDeploymentPostprocessing = 0;
		};
/* End PBXFrameworksBuildPhase section */

/* Begin PBXGroup section */
		034768DFFF38A50411DB9C8B /* Products */ = {
			isa = PBXGroup;
			children = (
				D2AAC07E0554694100DB518D /* libdk.napp.drawer.a */,
			);
			name = Products;
			sourceTree = "<group>";
		};
		0867D691FE84028FC02AAC07 /* NappDrawer */ = {
			isa = PBXGroup;
			children = (
				08FB77AEFE84172EC02AAC07 /* Classes */,
				32C88DFF0371C24200C91783 /* Other Sources */,
				0867D69AFE84028FC02AAC07 /* Frameworks */,
				034768DFFF38A50411DB9C8B /* Products */,
			);
			name = NappDrawer;
			sourceTree = "<group>";
		};
		0867D69AFE84028FC02AAC07 /* Frameworks */ = {
			isa = PBXGroup;
			children = (
				B11E042B241AC5C100EFA7DC /* TitaniumKit.xcframework */,
				AACBBE490F95108600F1A2B1 /* Foundation.framework */,
			);
			name = Frameworks;
			sourceTree = "<group>";
		};
		08FB77AEFE84172EC02AAC07 /* Classes */ = {
			isa = PBXGroup;
			children = (
				2C6297862FC0924000FC61CE /* CustomMMDrawerController.h */,
				2C6297872FC0924000FC61CE /* CustomMMDrawerController.m */,
				2C6297882FC0924000FC61CE /* DkNappDrawerDrawer.h */,
				2C6297892FC0924000FC61CE /* DkNappDrawerDrawer.m */,
				2C62978A2FC0924000FC61CE /* DkNappDrawerDrawerProxy.h */,
				2C62978B2FC0924000FC61CE /* DkNappDrawerDrawerProxy.m */,
				2C62978C2FC0924000FC61CE /* DkNappDrawerModule.h */,
				2C62978D2FC0924000FC61CE /* DkNappDrawerModule.m */,
				2C62978E2FC0924000FC61CE /* DkNappDrawerModuleAssets.h */,
				2C62978F2FC0924000FC61CE /* DkNappDrawerModuleAssets.m */,
				2C6297C92FC0924000FC61CE /* MMDrawerController */,
				2C6297CA2FC0924000FC61CE /* NappDrawerVisualState.h */,
				2C6297CB2FC0924000FC61CE /* NappDrawerVisualState.m */,
			);
			name = Classes;
			sourceTree = "<group>";
		};
		2C6297C22FC0924000FC61CE /* MMDrawerController */ = {
			isa = PBXGroup;
			children = (
				2C6297B92FC0924000FC61CE /* MMDrawerBarButtonItem.h */,
				2C6297BA2FC0924000FC61CE /* MMDrawerBarButtonItem.m */,
				2C6297BB2FC0924000FC61CE /* MMDrawerController.h */,
				2C6297BC2FC0924000FC61CE /* MMDrawerController.m */,
				2C6297BD2FC0924000FC61CE /* MMDrawerController+Subclass.h */,
				2C6297BE2FC0924000FC61CE /* MMDrawerVisualState.h */,
				2C6297BF2FC0924000FC61CE /* MMDrawerVisualState.m */,
				2C6297C02FC0924000FC61CE /* UIViewController+MMDrawerController.h */,
				2C6297C12FC0924000FC61CE /* UIViewController+MMDrawerController.m */,
			);
			path = MMDrawerController;
			sourceTree = "<group>";
		};
		2C6297C92FC0924000FC61CE /* MMDrawerController */ = {
			isa = PBXGroup;
			children = (
				2C6297C22FC0924000FC61CE /* MMDrawerController */,
			);
			name = MMDrawerController;
			path = Classes/MMDrawerController;
			sourceTree = "<group>";
		};
		32C88DFF0371C24200C91783 /* Other Sources */ = {
			isa = PBXGroup;
			children = (
				AA747D9E0F9514B9006C5449 /* DkNappDrawer_Prefix.pch */,
				24DD6D1B1134B66800162E58 /* titanium.xcconfig */,
			);
			name = "Other Sources";
			sourceTree = "<group>";
		};
/* End PBXGroup section */

/* Begin PBXHeadersBuildPhase section */
		D2AAC07A0554694100DB518D /* Headers */ = {
			isa = PBXHeadersBuildPhase;
			buildActionMask = 2147483647;
			files = (
				AA747D9F0F9514B9006C5449 /* DkNappDrawer_Prefix.pch in Headers */,
				2C6297CE2FC0924000FC61CE /* MMDrawerController+Subclass.h in Headers */,
				2C6297CF2FC0924000FC61CE /* MMDrawerBarButtonItem.h in Headers */,
				2C6297D02FC0924000FC61CE /* DkNappDrawerDrawerProxy.h in Headers */,
				2C6297D12FC0924000FC61CE /* CustomMMDrawerController.h in Headers */,
				2C6297D32FC0924000FC61CE /* NappDrawerVisualState.h in Headers */,
				2C6297D42FC0924000FC61CE /* MMDrawerVisualState.h in Headers */,
				2C6297D52FC0924000FC61CE /* DkNappDrawerModuleAssets.h in Headers */,
				2C6297D92FC0924000FC61CE /* UIViewController+MMDrawerController.h in Headers */,
				2C6297DD2FC0924000FC61CE /* MMDrawerController.h in Headers */,
				2C6297DE2FC0924000FC61CE /* DkNappDrawerModule.h in Headers */,
				2C6297E62FC0924000FC61CE /* DkNappDrawerDrawer.h in Headers */,
			);
			runOnlyForDeploymentPostprocessing = 0;
		};
/* End PBXHeadersBuildPhase section */

/* Begin PBXNativeTarget section */
		D2AAC07D0554694100DB518D /* NappDrawer */ = {
			isa = PBXNativeTarget;
			buildConfigurationList = 1DEB921E08733DC00010E9CD /* Build configuration list for PBXNativeTarget "NappDrawer" */;
			buildPhases = (
				D2AAC07A0554694100DB518D /* Headers */,
				D2AAC07B0554694100DB518D /* Sources */,
				D2AAC07C0554694100DB518D /* Frameworks */,
			);
			buildRules = (
			);
			dependencies = (
			);
			name = NappDrawer;
			productName = NappDrawer;
			productReference = D2AAC07E0554694100DB518D /* libdk.napp.drawer.a */;
			productType = "com.apple.product-type.library.static";
		};
/* End PBXNativeTarget section */

/* Begin PBXProject section */
		0867D690FE84028FC02AAC07 /* Project object */ = {
			isa = PBXProject;
			attributes = {
				LastUpgradeCheck = 1400;
			};
			buildConfigurationList = 1DEB922208733DC00010E9CD /* Build configuration list for PBXProject "NappDrawer" */;
			compatibilityVersion = "Xcode 9.3";
			developmentRegion = en;
			hasScannedForEncodings = 1;
			knownRegions = (
				Base,
				en,
			);
			mainGroup = 0867D691FE84028FC02AAC07 /* NappDrawer */;
			productRefGroup = 034768DFFF38A50411DB9C8B /* Products */;
			projectDirPath = "";
			projectRoot = "";
			targets = (
				D2AAC07D0554694100DB518D /* NappDrawer */,
				24416B8111C4CA220047AFDD /* Build & Test */,
			);
		};
/* End PBXProject section */

/* Begin PBXShellScriptBuildPhase section */
		24416B8011C4CA220047AFDD /* ShellScript */ = {
			isa = PBXShellScriptBuildPhase;
			buildActionMask = 2147483647;
			files = (
			);
			inputPaths = (
			);
			outputPaths = (
			);
			runOnlyForDeploymentPostprocessing = 0;
			shellPath = /bin/sh;
			shellScript = "# shell script goes here\n\nti build --project-dir \"${PROJECT_DIR}\"\nexit $?\n";
		};
/* End PBXShellScriptBuildPhase section */

/* Begin PBXSourcesBuildPhase section */
		D2AAC07B0554694100DB518D /* Sources */ = {
			isa = PBXSourcesBuildPhase;
			buildActionMask = 2147483647;
			files = (
				2C6297E72FC0924000FC61CE /* DkNappDrawerDrawerProxy.m in Sources */,
				2C6297EA2FC0924000FC61CE /* MMDrawerController.m in Sources */,
				2C6297EB2FC0924000FC61CE /* DkNappDrawerDrawer.m in Sources */,
				2C6297ED2FC0924000FC61CE /* MMDrawerVisualState.m in Sources */,
				2C6297EE2FC0924000FC61CE /* DkNappDrawerModule.m in Sources */,
				2C6297EF2FC0924000FC61CE /* NappDrawerVisualState.m in Sources */,
				2C6297F32FC0924000FC61CE /* MMDrawerBarButtonItem.m in Sources */,
				2C6297F52FC0924000FC61CE /* DkNappDrawerModuleAssets.m in Sources */,
				2C6297F72FC0924000FC61CE /* UIViewController+MMDrawerController.m in Sources */,
				2C6297F92FC0924000FC61CE /* CustomMMDrawerController.m in Sources */,
			);
			runOnlyForDeploymentPostprocessing = 0;
		};
/* End PBXSourcesBuildPhase section */

/* Begin PBXTargetDependency section */
		24416B8511C4CA280047AFDD /* PBXTargetDependency */ = {
			isa = PBXTargetDependency;
			target = D2AAC07D0554694100DB518D /* NappDrawer */;
			targetProxy = 24416B8411C4CA280047AFDD /* PBXContainerItemProxy */;
		};
/* End PBXTargetDependency section */

/* Begin XCBuildConfiguration section */
		1DEB921F08733DC00010E9CD /* Debug */ = {
			isa = XCBuildConfiguration;
			baseConfigurationReference = 24DD6D1B1134B66800162E58 /* titanium.xcconfig */;
			buildSettings = {
				CODE_SIGN_IDENTITY = "iPhone Developer";
				"CODE_SIGN_IDENTITY[sdk=iphoneos*]" = "iPhone Developer";
				DSTROOT = /tmp/DkNappDrawer.dst;
				GCC_C_LANGUAGE_STANDARD = c99;
				GCC_OPTIMIZATION_LEVEL = 0;
				GCC_PRECOMPILE_PREFIX_HEADER = YES;
				GCC_PREFIX_HEADER = DkNappDrawer_Prefix.pch;
				GCC_PREPROCESSOR_DEFINITIONS = "TI_VERSION=$(TI_VERSION)";
				GCC_TREAT_WARNINGS_AS_ERRORS = NO;
				GCC_VERSION = "";
				GCC_WARN_ABOUT_RETURN_TYPE = NO;
				GCC_WARN_MISSING_PARENTHESES = NO;
				GCC_WARN_SHADOW = NO;
				GCC_WARN_STRICT_SELECTOR_MATCH = NO;
				GCC_WARN_UNUSED_FUNCTION = YES;
				GCC_WARN_UNUSED_PARAMETER = NO;
				GCC_WARN_UNUSED_VALUE = NO;
				GCC_WARN_UNUSED_VARIABLE = NO;
				INSTALL_PATH = /usr/local/lib;
				IPHONEOS_DEPLOYMENT_TARGET = 12.0;
				LIBRARY_SEARCH_PATHS = "";
				OTHER_CFLAGS = (
					"-DDEBUG",
					"-DTI_POST_1_2",
				);
				OTHER_LDFLAGS = "-ObjC";
				PRODUCT_NAME = dk.napp.drawer;
				PROVISIONING_PROFILE = "";
				"PROVISIONING_PROFILE[sdk=iphoneos*]" = "";
				RUN_CLANG_STATIC_ANALYZER = NO;
				SDKROOT = iphoneos;
				SUPPORTED_PLATFORMS = "iphoneos iphonesimulator";
				SUPPORTS_MACCATALYST = YES;
				USER_HEADER_SEARCH_PATHS = "";
				WARNING_CFLAGS = "-Wno-arc-performSelector-leaks";
			};
			name = Debug;
		};
		1DEB922008733DC00010E9CD /* Release */ = {
			isa = XCBuildConfiguration;
			baseConfigurationReference = 24DD6D1B1134B66800162E58 /* titanium.xcconfig */;
			buildSettings = {
				ALWAYS_SEARCH_USER_PATHS = NO;
				DEPLOYMENT_POSTPROCESSING = YES;
				DSTROOT = /tmp/DkNappDrawer.dst;
				GCC_C_LANGUAGE_STANDARD = c99;
				GCC_MODEL_TUNING = G5;
				GCC_PRECOMPILE_PREFIX_HEADER = YES;
				GCC_PREFIX_HEADER = DkNappDrawer_Prefix.pch;
				GCC_PREPROCESSOR_DEFINITIONS = (
					"TI_VERSION=$(TI_VERSION)",
					NDEBUG,
				);
				GCC_TREAT_WARNINGS_AS_ERRORS = NO;
				GCC_VERSION = "";
				GCC_WARN_ABOUT_RETURN_TYPE = NO;
				GCC_WARN_MISSING_PARENTHESES = NO;
				GCC_WARN_SHADOW = NO;
				GCC_WARN_STRICT_SELECTOR_MATCH = NO;
				GCC_WARN_UNUSED_FUNCTION = YES;
				GCC_WARN_UNUSED_PARAMETER = NO;
				GCC_WARN_UNUSED_VALUE = NO;
				GCC_WARN_UNUSED_VARIABLE = NO;
				INSTALL_PATH = /usr/local/lib;
				IPHONEOS_DEPLOYMENT_TARGET = 12.0;
				LIBRARY_SEARCH_PATHS = "";
				OTHER_CFLAGS = "-DTI_POST_1_2";
				OTHER_LDFLAGS = "-ObjC";
				PRODUCT_NAME = dk.napp.drawer;
				RUN_CLANG_STATIC_ANALYZER = NO;
				SDKROOT = iphoneos;
				SUPPORTED_PLATFORMS = "iphoneos iphonesimulator";
				SUPPORTS_MACCATALYST = YES;
				USER_HEADER_SEARCH_PATHS = "";
				WARNING_CFLAGS = "-Wno-arc-performSelector-leaks";
			};
			name = Release;
		};
		1DEB922308733DC00010E9CD /* Debug */ = {
			isa = XCBuildConfiguration;
			baseConfigurationReference = 24DD6D1B1134B66800162E58 /* titanium.xcconfig */;
			buildSettings = {
				CLANG_ANALYZER_NONNULL = YES;
				CLANG_ANALYZER_NUMBER_OBJECT_CONVERSION = YES_AGGRESSIVE;
				CLANG_CXX_LANGUAGE_STANDARD = "gnu++14";
				CLANG_CXX_LIBRARY = "libc++";
				CLANG_ENABLE_MODULES = YES;
				CLANG_ENABLE_OBJC_ARC = YES;
				CLANG_ENABLE_OBJC_WEAK = YES;
				CLANG_WARN_BLOCK_CAPTURE_AUTORELEASING = YES;
				CLANG_WARN_BOOL_CONVERSION = YES;
				CLANG_WARN_COMMA = YES;
				CLANG_WARN_CONSTANT_CONVERSION = YES;
				CLANG_WARN_DEPRECATED_OBJC_IMPLEMENTATIONS = YES;
				CLANG_WARN_DIRECT_OBJC_ISA_USAGE = YES_ERROR;
				CLANG_WARN_DOCUMENTATION_COMMENTS = YES;
				CLANG_WARN_EMPTY_BODY = YES;
				CLANG_WARN_ENUM_CONVERSION = YES;
				CLANG_WARN_INFINITE_RECURSION = YES;
				CLANG_WARN_INT_CONVERSION = YES;
				CLANG_WARN_NON_LITERAL_NULL_CONVERSION = YES;
				CLANG_WARN_OBJC_IMPLICIT_RETAIN_SELF = YES;
				CLANG_WARN_OBJC_LITERAL_CONVERSION = YES;
				CLANG_WARN_OBJC_ROOT_CLASS = YES_ERROR;
				CLANG_WARN_QUOTED_INCLUDE_IN_FRAMEWORK_HEADER = YES;
				CLANG_WARN_RANGE_LOOP_ANALYSIS = YES;
				CLANG_WARN_STRICT_PROTOTYPES = YES;
				CLANG_WARN_SUSPICIOUS_MOVE = YES;
				CLANG_WARN_UNGUARDED_AVAILABILITY = YES_AGGRESSIVE;
				CLANG_WARN_UNREACHABLE_CODE = YES;
				CLANG_WARN__DUPLICATE_METHOD_MATCH = YES;
				CODE_SIGN_IDENTITY = "iPhone Developer";
				"CODE_SIGN_IDENTITY[sdk=iphoneos*]" = "iPhone Developer";
				DSTROOT = /tmp/DkNappDrawer.dst;
				ENABLE_STRICT_OBJC_MSGSEND = YES;
				ENABLE_TESTABILITY = YES;
				GCC_C_LANGUAGE_STANDARD = c99;
				GCC_NO_COMMON_BLOCKS = YES;
				GCC_OPTIMIZATION_LEVEL = 0;
				GCC_PRECOMPILE_PREFIX_HEADER = YES;
				GCC_PREFIX_HEADER = DkNappDrawer_Prefix.pch;
				GCC_PREPROCESSOR_DEFINITIONS = "TI_VERSION=$(TI_VERSION)";
				GCC_TREAT_WARNINGS_AS_ERRORS = NO;
				GCC_VERSION = "";
				GCC_WARN_64_TO_32_BIT_CONVERSION = YES;
				GCC_WARN_ABOUT_RETURN_TYPE = NO;
				GCC_WARN_MISSING_PARENTHESES = NO;
				GCC_WARN_SHADOW = NO;
				GCC_WARN_STRICT_SELECTOR_MATCH = NO;
				GCC_WARN_UNDECLARED_SELECTOR = YES;
				GCC_WARN_UNINITIALIZED_AUTOS = YES;
				GCC_WARN_UNUSED_FUNCTION = YES;
				GCC_WARN_UNUSED_PARAMETER = NO;
				GCC_WARN_UNUSED_VALUE = NO;
				GCC_WARN_UNUSED_VARIABLE = NO;
				INSTALL_PATH = /usr/local/lib;
				IPHONEOS_DEPLOYMENT_TARGET = 12.0;
				ONLY_ACTIVE_ARCH = YES;
				OTHER_CFLAGS = (
					"-DDEBUG",
					"-DTI_POST_1_2",
				);
				OTHER_LDFLAGS = "-ObjC";
				PRODUCT_NAME = dk.napp.drawer;
				PROVISIONING_PROFILE = "";
				"PROVISIONING_PROFILE[sdk=iphoneos*]" = "";
				RUN_CLANG_STATIC_ANALYZER = NO;
				SDKROOT = iphoneos;
				SUPPORTED_PLATFORMS = "iphoneos iphonesimulator";
				SUPPORTS_MACCATALYST = YES;
				USER_HEADER_SEARCH_PATHS = "";
			};
			name = Debug;
		};
		1DEB922408733DC00010E9CD /* Release */ = {
			isa = XCBuildConfiguration;
			baseConfigurationReference = 24DD6D1B1134B66800162E58 /* titanium.xcconfig */;
			buildSettings = {
				ALWAYS_SEARCH_USER_PATHS = NO;
				CLANG_ANALYZER_NONNULL = YES;
				CLANG_ANALYZER_NUMBER_OBJECT_CONVERSION = YES_AGGRESSIVE;
				CLANG_CXX_LANGUAGE_STANDARD = "gnu++14";
				CLANG_CXX_LIBRARY = "libc++";
				CLANG_ENABLE_MODULES = YES;
				CLANG_ENABLE_OBJC_ARC = YES;
				CLANG_ENABLE_OBJC_WEAK = YES;
				CLANG_WARN_BLOCK_CAPTURE_AUTORELEASING = YES;
				CLANG_WARN_BOOL_CONVERSION = YES;
				CLANG_WARN_COMMA = YES;
				CLANG_WARN_CONSTANT_CONVERSION = YES;
				CLANG_WARN_DEPRECATED_OBJC_IMPLEMENTATIONS = YES;
				CLANG_WARN_DIRECT_OBJC_ISA_USAGE = YES_ERROR;
				CLANG_WARN_DOCUMENTATION_COMMENTS = YES;
				CLANG_WARN_EMPTY_BODY = YES;
				CLANG_WARN_ENUM_CONVERSION = YES;
				CLANG_WARN_INFINITE_RECURSION = YES;
				CLANG_WARN_INT_CONVERSION = YES;
				CLANG_WARN_NON_LITERAL_NULL_CONVERSION = YES;
				CLANG_WARN_OBJC_IMPLICIT_RETAIN_SELF = YES;
				CLANG_WARN_OBJC_LITERAL_CONVERSION = YES;
				CLANG_WARN_OBJC_ROOT_CLASS = YES_ERROR;
				CLANG_WARN_QUOTED_INCLUDE_IN_FRAMEWORK_HEADER = YES;
				CLANG_WARN_RANGE_LOOP_ANALYSIS = YES;
				CLANG_WARN_STRICT_PROTOTYPES = YES;
				CLANG_WARN_SUSPICIOUS_MOVE = YES;
				CLANG_WARN_UNGUARDED_AVAILABILITY = YES_AGGRESSIVE;
				CLANG_WARN_UNREACHABLE_CODE = YES;
				CLANG_WARN__DUPLICATE_METHOD_MATCH = YES;
				DSTROOT = /tmp/DkNappDrawer.dst;
				ENABLE_STRICT_OBJC_MSGSEND = YES;
				GCC_C_LANGUAGE_STANDARD = c99;
				GCC_MODEL_TUNING = G5;
				GCC_NO_COMMON_BLOCKS = YES;
				GCC_PRECOMPILE_PREFIX_HEADER = YES;
				GCC_PREFIX_HEADER = DkNappDrawer_Prefix.pch;
				GCC_PREPROCESSOR_DEFINITIONS = "TI_VERSION=$(TI_VERSION)";
				GCC_TREAT_WARNINGS_AS_ERRORS = NO;
				GCC_VERSION = "";
				GCC_WARN_64_TO_32_BIT_CONVERSION = YES;
				GCC_WARN_ABOUT_RETURN_TYPE = NO;
				GCC_WARN_MISSING_PARENTHESES = NO;
				GCC_WARN_SHADOW = NO;
				GCC_WARN_STRICT_SELECTOR_MATCH = NO;
				GCC_WARN_UNDECLARED_SELECTOR = YES;
				GCC_WARN_UNINITIALIZED_AUTOS = YES;
				GCC_WARN_UNUSED_FUNCTION = YES;
				GCC_WARN_UNUSED_PARAMETER = NO;
				GCC_WARN_UNUSED_VALUE = NO;
				GCC_WARN_UNUSED_VARIABLE = NO;
				INSTALL_PATH = /usr/local/lib;
				IPHONEOS_DEPLOYMENT_TARGET = 12.0;
				OTHER_CFLAGS = "-DTI_POST_1_2";
				OTHER_LDFLAGS = "-ObjC";
				PRODUCT_NAME = dk.napp.drawer;
				RUN_CLANG_STATIC_ANALYZER = NO;
				SDKROOT = iphoneos;
				SUPPORTED_PLATFORMS = "iphoneos iphonesimulator";
				SUPPORTS_MACCATALYST = YES;
				USER_HEADER_SEARCH_PATHS = "";
			};
			name = Release;
		};
		24416B8211C4CA220047AFDD /* Debug */ = {
			isa = XCBuildConfiguration;
			baseConfigurationReference = 24DD6D1B1134B66800162E58 /* titanium.xcconfig */;
			buildSettings = {
				COPY_PHASE_STRIP = NO;
				GCC_DYNAMIC_NO_PIC = NO;
				GCC_OPTIMIZATION_LEVEL = 0;
				PRODUCT_NAME = "Build & test";
			};
			name = Debug;
		};
		24416B8311C4CA220047AFDD /* Release */ = {
			isa = XCBuildConfiguration;
			baseConfigurationReference = 24DD6D1B1134B66800162E58 /* titanium.xcconfig */;
			buildSettings = {
				COPY_PHASE_STRIP = YES;
				DEBUG_INFORMATION_FORMAT = "dwarf-with-dsym";
				PRODUCT_NAME = "Build & test";
				ZERO_LINK = NO;
			};
			name = Release;
		};
/* End XCBuildConfiguration section */

/* Begin XCConfigurationList section */
		1DEB921E08733DC00010E9CD /* Build configuration list for PBXNativeTarget "NappDrawer" */ = {
			isa = XCConfigurationList;
			buildConfigurations = (
				1DEB921F08733DC00010E9CD /* Debug */,
				1DEB922008733DC00010E9CD /* Release */,
			);
			defaultConfigurationIsVisible = 0;
			defaultConfigurationName = Release;
		};
		1DEB922208733DC00010E9CD /* Build configuration list for PBXProject "NappDrawer" */ = {
			isa = XCConfigurationList;
			buildConfigurations = (
				1DEB922308733DC00010E9CD /* Debug */,
				1DEB922408733DC00010E9CD /* Release */,
			);
			defaultConfigurationIsVisible = 0;
			defaultConfigurationName = Release;
		};
		24416B8A11C4CA520047AFDD /* Build configuration list for PBXAggregateTarget "Build & Test" */ = {
			isa = XCConfigurationList;
			buildConfigurations = (
				24416B8211C4CA220047AFDD /* Debug */,
				24416B8311C4CA220047AFDD /* Release */,
			);
			defaultConfigurationIsVisible = 0;
			defaultConfigurationName = Release;
		};
/* End XCConfigurationList section */
	};
	rootObject = 0867D690FE84028FC02AAC07 /* Project object */;
}
